
Microsoft Visual Studio Solution File, Format Version 12.00
# Visual Studio Version 16
VisualStudioVersion = 16.0.31025.194
MinimumVisualStudioVersion = 10.0.40219.1
Project("{9A19103F-16F7-4668-BE54-9A1E7A4F7556}") = "FileGrip.Cryptography.Console", "FileGrip.Cryptography.Console\FileGrip.Cryptography.Console.csproj", "{D44F2CC0-B097-4EAF-96DC-022B4CBDBB06}"
EndProject
Project("{FAE04EC0-301F-11D3-BF4B-00C04F79EFBC}") = "FileGrip.Actors", "FileGrip.Actors\FileGrip.Actors.csproj", "{5EDC6466-D876-458A-BDC1-A4C9DBA8E504}"
EndProject
Global
	GlobalSection(SolutionConfigurationPlatforms) = preSolution
		Debug|Any CPU = Debug|Any CPU
		Release|Any CPU = Release|Any CPU
	EndGlobalSection
	GlobalSection(ProjectConfigurationPlatforms) = postSolution
		{D44F2CC0-B097-4EAF-96DC-022B4CBDBB06}.Debug|Any CPU.ActiveCfg = Debug|Any CPU
		{D44F2CC0-B097-4EAF-96DC-022B4CBDBB06}.Debug|Any CPU.Build.0 = Debug|Any CPU
		{D44F2CC0-B097-4EAF-96DC-022B4CBDBB06}.Release|Any CPU.ActiveCfg = Release|Any CPU
		{D44F2CC0-B097-4EAF-96DC-022B4CBDBB06}.Release|Any CPU.Build.0 = Release|Any CPU
		{5EDC6466-D876-458A-BDC1-A4C9DBA8E504}.Debug|Any CPU.ActiveCfg = Debug|Any CPU
		{5EDC6466-D876-458A-BDC1-A4C9DBA8E504}.Debug|Any CPU.Build.0 = Debug|Any CPU
		{5EDC6466-D876-458A-BDC1-A4C9DBA8E504}.Release|Any CPU.ActiveCfg = Release|Any CPU
		{5EDC6466-D876-458A-BDC1-A4C9DBA8E504}.Release|Any CPU.Build.0 = Release|Any CPU
	EndGlobalSection
	GlobalSection(SolutionProperties) = preSolution
		HideSolutionNode = FALSE
	EndGlobalSection
	GlobalSection(ExtensibilityGlobals) = postSolution
		SolutionGuid = {0EE999ED-D4F4-42CC-906E-68C7A147333C}
	EndGlobalSection
EndGlobal
